
Microsoft Visual Studio Solution File, Format Version 12.00
# Visual Studio Version 16
VisualStudioVersion = 16.0.30711.63
MinimumVisualStudioVersion = 10.0.40219.1
Project("{9A19103F-16F7-4668-BE54-9A1E7A4F7556}") = "Etimo.Id.Api", "src\Etimo.Id.Api\Etimo.Id.Api.csproj", "{34E43D18-90B0-4D81-B22B-CC4267617060}"
EndProject
Project("{9A19103F-16F7-4668-BE54-9A1E7A4F7556}") = "Etimo.Id.Service", "src\Etimo.Id.Service\Etimo.Id.Service.csproj", "{4F5784FC-BE00-40D6-9C07-0087EFC75C31}"
EndProject
Project("{9A19103F-16F7-4668-BE54-9A1E7A4F7556}") = "Etimo.Id.Data", "src\Etimo.Id.Data\Etimo.Id.Data.csproj", "{2300CEB8-BA5B-4E18-8699-9112C449084D}"
EndProject
Project("{9A19103F-16F7-4668-BE54-9A1E7A4F7556}") = "Etimo.Id.Abstractions", "src\Etimo.Id.Abstractions\Etimo.Id.Abstractions.csproj", "{683996F2-E9C9-4571-884C-F8C45BB66274}"
EndProject
Project("{9A19103F-16F7-4668-BE54-9A1E7A4F7556}") = "Etimo.Id.Entities", "src\Etimo.Id.Entities\Etimo.Id.Entities.csproj", "{83739A42-6818-4AE7-80C8-1E1106016A9D}"
EndProject
Project("{FAE04EC0-301F-11D3-BF4B-00C04F79EFBC}") = "Etimo.Id.Entities.Abstractions", "src\Etimo.Id.Entities.Abstractions\Etimo.Id.Entities.Abstractions.csproj", "{E1CEE648-D0F7-4FF0-B9E9-ED38C9101D5E}"
EndProject
Project("{FAE04EC0-301F-11D3-BF4B-00C04F79EFBC}") = "Etimo.Id.Tests", "src\Etimo.Id.Tests\Etimo.Id.Tests.csproj", "{E168EE8A-5CCC-4B82-9B0C-E3B0A37671D6}"
EndProject
Project("{FAE04EC0-301F-11D3-BF4B-00C04F79EFBC}") = "Etimo.Id.Dtos", "src\Etimo.Id.Dtos\Etimo.Id.Dtos.csproj", "{ACD98E49-3C64-48EF-B639-C4108673DB8D}"
EndProject
Project("{FAE04EC0-301F-11D3-BF4B-00C04F79EFBC}") = "Etimo.Id.Attributes", "src\Etimo.Id.Attributes\Etimo.Id.Attributes.csproj", "{5DB92F20-5481-498C-ADDC-03CDBD6092BD}"
EndProject
Project("{FAE04EC0-301F-11D3-BF4B-00C04F79EFBC}") = "Etimo.Id.Exceptions", "src\Etimo.Id.Exceptions\Etimo.Id.Exceptions.csproj", "{BD4B9D5E-2CDD-4D46-A263-4D22EC3854FE}"
EndProject
Project("{2150E333-8FDC-42A3-9474-1A3956D46DE8}") = "src", "src", "{17C08999-C791-4201-82D6-A200E30896E8}"
EndProject
Project("{FAE04EC0-301F-11D3-BF4B-00C04F79EFBC}") = "Etimo.Id.Constants", "src\Etimo.Id.Constants\Etimo.Id.Constants.csproj", "{267A37D4-7C61-42A7-AA36-0D9E50E848F8}"
EndProject
Global
	GlobalSection(SolutionConfigurationPlatforms) = preSolution
		Debug|Any CPU = Debug|Any CPU
		Release|Any CPU = Release|Any CPU
	EndGlobalSection
	GlobalSection(ProjectConfigurationPlatforms) = postSolution
		{34E43D18-90B0-4D81-B22B-CC4267617060}.Debug|Any CPU.ActiveCfg = Debug|Any CPU
		{34E43D18-90B0-4D81-B22B-CC4267617060}.Debug|Any CPU.Build.0 = Debug|Any CPU
		{34E43D18-90B0-4D81-B22B-CC4267617060}.Release|Any CPU.ActiveCfg = Release|Any CPU
		{34E43D18-90B0-4D81-B22B-CC4267617060}.Release|Any CPU.Build.0 = Release|Any CPU
		{4F5784FC-BE00-40D6-9C07-0087EFC75C31}.Debug|Any CPU.ActiveCfg = Debug|Any CPU
		{4F5784FC-BE00-40D6-9C07-0087EFC75C31}.Debug|Any CPU.Build.0 = Debug|Any CPU
		{4F5784FC-BE00-40D6-9C07-0087EFC75C31}.Release|Any CPU.ActiveCfg = Release|Any CPU
		{4F5784FC-BE00-40D6-9C07-0087EFC75C31}.Release|Any CPU.Build.0 = Release|Any CPU
		{2300CEB8-BA5B-4E18-8699-9112C449084D}.Debug|Any CPU.ActiveCfg = Debug|Any CPU
		{2300CEB8-BA5B-4E18-8699-9112C449084D}.Debug|Any CPU.Build.0 = Debug|Any CPU
		{2300CEB8-BA5B-4E18-8699-9112C449084D}.Release|Any CPU.ActiveCfg = Release|Any CPU
		{2300CEB8-BA5B-4E18-8699-9112C449084D}.Release|Any CPU.Build.0 = Release|Any CPU
		{683996F2-E9C9-4571-884C-F8C45BB66274}.Debug|Any CPU.ActiveCfg = Debug|Any CPU
		{683996F2-E9C9-4571-884C-F8C45BB66274}.Debug|Any CPU.Build.0 = Debug|Any CPU
		{683996F2-E9C9-4571-884C-F8C45BB66274}.Release|Any CPU.ActiveCfg = Release|Any CPU
		{683996F2-E9C9-4571-884C-F8C45BB66274}.Release|Any CPU.Build.0 = Release|Any CPU
		{83739A42-6818-4AE7-80C8-1E1106016A9D}.Debug|Any CPU.ActiveCfg = Debug|Any CPU
		{83739A42-6818-4AE7-80C8-1E1106016A9D}.Debug|Any CPU.Build.0 = Debug|Any CPU
		{83739A42-6818-4AE7-80C8-1E1106016A9D}.Release|Any CPU.ActiveCfg = Release|Any CPU
		{83739A42-6818-4AE7-80C8-1E1106016A9D}.Release|Any CPU.Build.0 = Release|Any CPU
		{E1CEE648-D0F7-4FF0-B9E9-ED38C9101D5E}.Debug|Any CPU.ActiveCfg = Debug|Any CPU
		{E1CEE648-D0F7-4FF0-B9E9-ED38C9101D5E}.Debug|Any CPU.Build.0 = Debug|Any CPU
		{E1CEE648-D0F7-4FF0-B9E9-ED38C9101D5E}.Release|Any CPU.ActiveCfg = Release|Any CPU
		{E1CEE648-D0F7-4FF0-B9E9-ED38C9101D5E}.Release|Any CPU.Build.0 = Release|Any CPU
		{E168EE8A-5CCC-4B82-9B0C-E3B0A37671D6}.Debug|Any CPU.ActiveCfg = Debug|Any CPU
		{E168EE8A-5CCC-4B82-9B0C-E3B0A37671D6}.Debug|Any CPU.Build.0 = Debug|Any CPU
		{E168EE8A-5CCC-4B82-9B0C-E3B0A37671D6}.Release|Any CPU.ActiveCfg = Release|Any CPU
		{E168EE8A-5CCC-4B82-9B0C-E3B0A37671D6}.Release|Any CPU.Build.0 = Release|Any CPU
		{ACD98E49-3C64-48EF-B639-C4108673DB8D}.Debug|Any CPU.ActiveCfg = Debug|Any CPU
		{ACD98E49-3C64-48EF-B639-C4108673DB8D}.Debug|Any CPU.Build.0 = Debug|Any CPU
		{ACD98E49-3C64-48EF-B639-C4108673DB8D}.Release|Any CPU.ActiveCfg = Release|Any CPU
		{ACD98E49-3C64-48EF-B639-C4108673DB8D}.Release|Any CPU.Build.0 = Release|Any CPU
		{5DB92F20-5481-498C-ADDC-03CDBD6092BD}.Debug|Any CPU.ActiveCfg = Debug|Any CPU
		{5DB92F20-5481-498C-ADDC-03CDBD6092BD}.Debug|Any CPU.Build.0 = Debug|Any CPU
		{5DB92F20-5481-498C-ADDC-03CDBD6092BD}.Release|Any CPU.ActiveCfg = Release|Any CPU
		{5DB92F20-5481-498C-ADDC-03CDBD6092BD}.Release|Any CPU.Build.0 = Release|Any CPU
		{BD4B9D5E-2CDD-4D46-A263-4D22EC3854FE}.Debug|Any CPU.ActiveCfg = Debug|Any CPU
		{BD4B9D5E-2CDD-4D46-A263-4D22EC3854FE}.Debug|Any CPU.Build.0 = Debug|Any CPU
		{BD4B9D5E-2CDD-4D46-A263-4D22EC3854FE}.Release|Any CPU.ActiveCfg = Release|Any CPU
		{BD4B9D5E-2CDD-4D46-A263-4D22EC3854FE}.Release|Any CPU.Build.0 = Release|Any CPU
		{267A37D4-7C61-42A7-AA36-0D9E50E848F8}.Debug|Any CPU.ActiveCfg = Debug|Any CPU
		{267A37D4-7C61-42A7-AA36-0D9E50E848F8}.Debug|Any CPU.Build.0 = Debug|Any CPU
		{267A37D4-7C61-42A7-AA36-0D9E50E848F8}.Release|Any CPU.ActiveCfg = Release|Any CPU
		{267A37D4-7C61-42A7-AA36-0D9E50E848F8}.Release|Any CPU.Build.0 = Release|Any CPU
	EndGlobalSection
	GlobalSection(SolutionProperties) = preSolution
		HideSolutionNode = FALSE
	EndGlobalSection
	GlobalSection(ExtensibilityGlobals) = postSolution
		SolutionGuid = {81289A64-DB21-4E84-833C-74EFE2B8F10B}
	EndGlobalSection
EndGlobal
